{
  "lockfileVersion": 1,
  "workspaces": {
    "": {
      "name": "modrh_bun_example",
      "dependencies": {
        "@vseplet/morph": "npm:@jsr/vseplet__morph",
        "hono": "^4.7.9",
      },
      "devDependencies": {
        "@types/bun": "latest",
      },
      "peerDependencies": {
        "typescript": "^5",
      },
    },
  },
  "packages": {
    "@jsr/hono__hono": ["@jsr/hono__hono@4.6.15", "https://npm.jsr.io/~/11/@jsr/hono__hono/4.6.15.tgz", {}, "sha512-MlCerjEhLWZHBtX+3oHiivYoiRigJoFEBGJZdMXmJe3P4O1vErcH324oxcoAY7P6E2hw/2HsGbLU0NIltYCCcw=="],

    "@types/bun": ["@types/bun@1.2.13", "", { "dependencies": { "bun-types": "1.2.13" } }, "sha512-u6vXep/i9VBxoJl3GjZsl/BFIsvML8DfVDO0RYLEwtSZSp981kEO1V5NwRcO1CPJ7AmvpbnDCiMKo3JvbDEjAg=="],

    "@types/node": ["@types/node@22.15.19", "", { "dependencies": { "undici-types": "~6.21.0" } }, "sha512-3vMNr4TzNQyjHcRZadojpRaD9Ofr6LsonZAoQ+HMUa/9ORTPoxVIw0e0mpqWpdjj8xybyCM+oKOUH2vwFu/oEw=="],

    "@vseplet/morph": ["@jsr/vseplet__morph@0.2.0", "https://npm.jsr.io/~/11/@jsr/vseplet__morph/0.2.0.tgz", { "dependencies": { "@jsr/hono__hono": "4.6.15" } }, "sha512-je4o+8LPPRXbOMWZ0C5khA9xr30QgwtAkzqEg2QiNGLirBNSoVZSiUK5LtOfMYG6S5OiYbTZtdoGat6+2ppKEg=="],

    "bun-types": ["bun-types@1.2.13", "", { "dependencies": { "@types/node": "*" } }, "sha512-rRjA1T6n7wto4gxhAO/ErZEtOXyEZEmnIHQfl0Dt1QQSB4QV0iP6BZ9/YB5fZaHFQ2dwHFrmPaRQ9GGMX01k9Q=="],

    "hono": ["hono@4.7.10", "", {}, "sha512-QkACju9MiN59CKSY5JsGZCYmPZkA6sIW6OFCUp7qDjZu6S6KHtJHhAc9Uy9mV9F8PJ1/HQ3ybZF2yjCa/73fvQ=="],

    "typescript": ["typescript@5.8.3", "", { "bin": { "tsc": "bin/tsc", "tsserver": "bin/tsserver" } }, "sha512-p1diW6TqL9L07nNxvRMM7hMMw4c5XOo/1ibL4aAIGmSAt9slTE1Xgw5KWuof2uTOvCg9BY7ZRi+GaF+7sfgPeQ=="],

    "undici-types": ["undici-types@6.21.0", "", {}, "sha512-iwDZqg0QAGrg9Rav5H4n0M64c3mkR59cJ6wQp+7C4nI0gsmExaedaYLNO44eT4AtBBwjbTiGPMlt2Md0T9H9JQ=="],
  }
}
